
Microsoft Visual Studio Solution File, Format Version 12.00
# Visual Studio Version 16
VisualStudioVersion = 16.0.30717.126
MinimumVisualStudioVersion = 10.0.40219.1
Project("{FAE04EC0-301F-11D3-BF4B-00C04F79EFBC}") = "PairsFigureSkating", "PairsFigureSkating.csproj", "{122CD9A6-4A74-46AF-B00E-E16F6636B3C9}"
EndProject
Global
	GlobalSection(SolutionConfigurationPlatforms) = preSolution
		Debug|Any CPU = Debug|Any CPU
		Release|Any CPU = Release|Any CPU
	EndGlobalSection
	GlobalSection(ProjectConfigurationPlatforms) = postSolution
		{122CD9A6-4A74-46AF-B00E-E16F6636B3C9}.Debug|Any CPU.ActiveCfg = Debug|Any CPU
		{122CD9A6-4A74-46AF-B00E-E16F6636B3C9}.Debug|Any CPU.Build.0 = Debug|Any CPU
		{122CD9A6-4A74-46AF-B00E-E16F6636B3C9}.Release|Any CPU.ActiveCfg = Release|Any CPU
		{122CD9A6-4A74-46AF-B00E-E16F6636B3C9}.Release|Any CPU.Build.0 = Release|Any CPU
	EndGlobalSection
	GlobalSection(SolutionProperties) = preSolution
		HideSolutionNode = FALSE
	EndGlobalSection
	GlobalSection(ExtensibilityGlobals) = postSolution
		SolutionGuid = {1B92653E-28C1-470E-9307-B349EF705643}
	EndGlobalSection
EndGlobal
