
Microsoft Visual Studio Solution File, Format Version 12.00
# Visual Studio Version 16
VisualStudioVersion = 16.0.30717.126
MinimumVisualStudioVersion = 10.0.40219.1
Project("{FAE04EC0-301F-11D3-BF4B-00C04F79EFBC}") = "Notepad", "Notepad.csproj", "{40609019-4757-459E-BCE8-0AEAC9DBC317}"
EndProject
Global
	GlobalSection(SolutionConfigurationPlatforms) = preSolution
		Debug|Any CPU = Debug|Any CPU
		Release|Any CPU = Release|Any CPU
	EndGlobalSection
	GlobalSection(ProjectConfigurationPlatforms) = postSolution
		{40609019-4757-459E-BCE8-0AEAC9DBC317}.Debug|Any CPU.ActiveCfg = Debug|Any CPU
		{40609019-4757-459E-BCE8-0AEAC9DBC317}.Debug|Any CPU.Build.0 = Debug|Any CPU
		{40609019-4757-459E-BCE8-0AEAC9DBC317}.Release|Any CPU.ActiveCfg = Release|Any CPU
		{40609019-4757-459E-BCE8-0AEAC9DBC317}.Release|Any CPU.Build.0 = Release|Any CPU
	EndGlobalSection
	GlobalSection(SolutionProperties) = preSolution
		HideSolutionNode = FALSE
	EndGlobalSection
	GlobalSection(ExtensibilityGlobals) = postSolution
		SolutionGuid = {C6006CF9-C5D4-4256-8BAA-DEE7D59846AB}
	EndGlobalSection
EndGlobal
