
Microsoft Visual Studio Solution File, Format Version 12.00
# Visual Studio Version 16
VisualStudioVersion = 16.0.30907.101
MinimumVisualStudioVersion = 10.0.40219.1
Project("{FAE04EC0-301F-11D3-BF4B-00C04F79EFBC}") = "PersonPassportDialog", "PersonPassportDialog\PersonPassportDialog.csproj", "{EE6A37C3-639D-41A6-A8A8-CF01AD5844B6}"
EndProject
Global
	GlobalSection(SolutionConfigurationPlatforms) = preSolution
		Debug|Any CPU = Debug|Any CPU
		Release|Any CPU = Release|Any CPU
	EndGlobalSection
	GlobalSection(ProjectConfigurationPlatforms) = postSolution
		{EE6A37C3-639D-41A6-A8A8-CF01AD5844B6}.Debug|Any CPU.ActiveCfg = Debug|Any CPU
		{EE6A37C3-639D-41A6-A8A8-CF01AD5844B6}.Debug|Any CPU.Build.0 = Debug|Any CPU
		{EE6A37C3-639D-41A6-A8A8-CF01AD5844B6}.Release|Any CPU.ActiveCfg = Release|Any CPU
		{EE6A37C3-639D-41A6-A8A8-CF01AD5844B6}.Release|Any CPU.Build.0 = Release|Any CPU
	EndGlobalSection
	GlobalSection(SolutionProperties) = preSolution
		HideSolutionNode = FALSE
	EndGlobalSection
	GlobalSection(ExtensibilityGlobals) = postSolution
		SolutionGuid = {69659E83-9965-48A6-B467-4FA001927F2B}
	EndGlobalSection
EndGlobal
