
Microsoft Visual Studio Solution File, Format Version 12.00
# Visual Studio Version 16
VisualStudioVersion = 16.0.30907.101
MinimumVisualStudioVersion = 10.0.40219.1
Project("{FAE04EC0-301F-11D3-BF4B-00C04F79EFBC}") = "ConsoleToTest", "UnitTestProject\ConsoleToTest.csproj", "{465D92D5-341C-4E8D-B082-58E7E6ACB700}"
EndProject
Project("{FAE04EC0-301F-11D3-BF4B-00C04F79EFBC}") = "UnitTestProject", "UnitTestProject1\UnitTestProject.csproj", "{B624334A-5309-4B68-B7D3-427CCDF444F6}"
EndProject
Project("{FAE04EC0-301F-11D3-BF4B-00C04F79EFBC}") = "WPFTestProject", "WPFTestProject\WPFTestProject.csproj", "{35CD6FAB-7A10-4361-B646-2012E35F09B6}"
EndProject
Global
	GlobalSection(SolutionConfigurationPlatforms) = preSolution
		Debug|Any CPU = Debug|Any CPU
		Release|Any CPU = Release|Any CPU
	EndGlobalSection
	GlobalSection(ProjectConfigurationPlatforms) = postSolution
		{465D92D5-341C-4E8D-B082-58E7E6ACB700}.Debug|Any CPU.ActiveCfg = Debug|Any CPU
		{465D92D5-341C-4E8D-B082-58E7E6ACB700}.Debug|Any CPU.Build.0 = Debug|Any CPU
		{465D92D5-341C-4E8D-B082-58E7E6ACB700}.Release|Any CPU.ActiveCfg = Release|Any CPU
		{465D92D5-341C-4E8D-B082-58E7E6ACB700}.Release|Any CPU.Build.0 = Release|Any CPU
		{B624334A-5309-4B68-B7D3-427CCDF444F6}.Debug|Any CPU.ActiveCfg = Debug|Any CPU
		{B624334A-5309-4B68-B7D3-427CCDF444F6}.Debug|Any CPU.Build.0 = Debug|Any CPU
		{B624334A-5309-4B68-B7D3-427CCDF444F6}.Release|Any CPU.ActiveCfg = Release|Any CPU
		{B624334A-5309-4B68-B7D3-427CCDF444F6}.Release|Any CPU.Build.0 = Release|Any CPU
		{35CD6FAB-7A10-4361-B646-2012E35F09B6}.Debug|Any CPU.ActiveCfg = Debug|Any CPU
		{35CD6FAB-7A10-4361-B646-2012E35F09B6}.Debug|Any CPU.Build.0 = Debug|Any CPU
		{35CD6FAB-7A10-4361-B646-2012E35F09B6}.Release|Any CPU.ActiveCfg = Release|Any CPU
		{35CD6FAB-7A10-4361-B646-2012E35F09B6}.Release|Any CPU.Build.0 = Release|Any CPU
	EndGlobalSection
	GlobalSection(SolutionProperties) = preSolution
		HideSolutionNode = FALSE
	EndGlobalSection
	GlobalSection(ExtensibilityGlobals) = postSolution
		SolutionGuid = {0D1A5DCE-E152-4C79-9679-DF8F5D6F3686}
	EndGlobalSection
EndGlobal
